{
  "version": 4,
  "terraform_version": "1.14.0",
  "serial": 92,
  "lineage": "c1bfed4d-0260-3f10-0e66-f2127eddd606",
  "outputs": {},
  "resources": [
    {
      "mode": "managed",
      "type": "azurerm_kubernetes_cluster",
      "name": "aks",
      "provider": "provider[\"registry.terraform.io/hashicorp/azurerm\"]",
      "instances": [
        {
          "schema_version": 2,
          "attributes": {
            "aci_connector_linux": [],
            "api_server_access_profile": [],
            "api_server_authorized_ip_ranges": [],
            "auto_scaler_profile": [],
            "automatic_channel_upgrade": "",
            "azure_active_directory_role_based_access_control": [],
            "azure_policy_enabled": null,
            "confidential_computing": [],
            "cost_analysis_enabled": false,
            "current_kubernetes_version": "1.32.9",
            "custom_ca_trust_certificates_base64": null,
            "default_node_pool": [
              {
                "capacity_reservation_group_id": "",
                "custom_ca_trust_enabled": false,
                "enable_auto_scaling": false,
                "enable_host_encryption": false,
                "enable_node_public_ip": false,
                "fips_enabled": false,
                "gpu_instance": "",
                "host_group_id": "",
                "kubelet_config": [],
                "kubelet_disk_type": "OS",
                "linux_os_config": [],
                "max_count": 0,
                "max_pods": 30,
                "message_of_the_day": "",
                "min_count": 0,
                "name": "default",
                "node_count": 3,
                "node_labels": {},
                "node_network_profile": [],
                "node_public_ip_prefix_id": "",
                "node_taints": null,
                "only_critical_addons_enabled": false,
                "orchestrator_version": "1.32",
                "os_disk_size_gb": 128,
                "os_disk_type": "Managed",
                "os_sku": "Ubuntu",
                "pod_subnet_id": "",
                "proximity_placement_group_id": "",
                "scale_down_mode": "Delete",
                "snapshot_id": "",
                "tags": null,
                "temporary_name_for_rotation": "",
                "type": "VirtualMachineScaleSets",
                "ultra_ssd_enabled": false,
                "upgrade_settings": [
                  {
                    "drain_timeout_in_minutes": 0,
                    "max_surge": "10%",
                    "node_soak_duration_in_minutes": 0
                  }
                ],
                "vm_size": "Standard_D2s_v3",
                "vnet_subnet_id": "/subscriptions/0304e419-2637-46a2-a622-30008a136248/resourceGroups/rg-default-production-uksouth/providers/Microsoft.Network/virtualNetworks/vnet-default-production/subnets/snet-app",
                "workload_runtime": "",
                "zones": null
              }
            ],
            "disk_encryption_set_id": "",
            "dns_prefix": "aks-default-production",
            "dns_prefix_private_cluster": "",
            "edge_zone": "",
            "enable_pod_security_policy": false,
            "fqdn": "aks-default-production-rw9rm5vk.hcp.uksouth.azmk8s.io",
            "http_application_routing_enabled": null,
            "http_application_routing_zone_name": null,
            "http_proxy_config": [],
            "id": "/subscriptions/0304e419-2637-46a2-a622-30008a136248/resourceGroups/rg-default-production-uksouth/providers/Microsoft.ContainerService/managedClusters/aks-default-production",
            "identity": [
              {
                "identity_ids": null,
                "principal_id": "76f817d2-ceaf-4c28-9b15-352329132f79",
                "tenant_id": "e0e9ae07-5a77-4318-aafc-cc6367c588e8",
                "type": "SystemAssigned"
              }
            ],
            "image_cleaner_enabled": false,
            "image_cleaner_interval_hours": 48,
            "ingress_application_gateway": [],
            "key_management_service": [],
            "key_vault_secrets_provider": [],
            "kube_admin_config": [],
            "kube_admin_config_raw": "",
            "kube_config": [
              {
                "client_certificate": "LS0tLS1CRUdJTiBDRVJUSUZJQ0FURS0tLS0tCk1JSUZIVENDQXdXZ0F3SUJBZ0lRYk1VT00yN2hwM3hkNU8rTzZSNUxVVEFOQmdrcWhraUc5dzBCQVFzRkFEQU4KTVFzd0NRWURWUVFERXdKallUQWVGdzB5TlRFeU1EUXlNRE16TkRkYUZ3MHlOekV5TURReU1EUXpORGRhTURBeApGekFWQmdOVkJBb1REbk41YzNSbGJUcHRZWE4wWlhKek1SVXdFd1lEVlFRREV3eHRZWE4wWlhKamJHbGxiblF3CmdnSWlNQTBHQ1NxR1NJYjNEUUVCQVFVQUE0SUNEd0F3Z2dJS0FvSUNBUURSOHJUNUIvSU4vRmdFRGYyMzRXM3gKOVN6Qmg5TVpQQmRPa1RMRHpSUm9zUTJGNW1XdzZJUUtUeFY2VWRlZ210Sm05bk9EblJKL3dudkNybmlWaVpXTwpyeXp3cjhmdHBaU3hIMVl0VmRkYmVOMDdSelhVckdaRU51WkRoSzFRM0MzUjlzS3ZoTmlIYmFheWY0ZXNzSDNZClZaUGZZclg1TTBmSGIvcDVWNGNpTGJ6eEtzOGhqWnRBYmhOTTk2ZTlQdlNzOTdVcGJrWkk3bUFFd3JiczNXaWsKUm1ud3M4VzhjcTlscjFBTVpDT0hrVDI4WVREZElJN21Wa3FhczZnZGNwcEl4enhVb00yZnZlKzR4dno0ZHpQaApneWxiSUQzRG55anBscURUUTVlWmR1aUlnNElEUldkQTducmg4NUZ3cmxPeDZGQXYrZGdHck1lamh0M3htcTZlCkRBSzFhN21PSkRRRnQ4NXpuOWVJSHNzdmxyZFdoYndFWmpWMGQ3Sk9ITXVJZGtzTlBSUU0rTUpGK08wNUVuemQKckh4aTBJMEpkdDRiU2ozM0JERmtJYkZJdnhsZ2tCUDQzQ3FMU1hyYjFZMzFleklleVBhYTNUWDNwTlFFRUs1NQpHcnBjckRlNXZRSUl4bnBWVmhlSFhLOTB5WEZFNlFtdlpFNHV6Qm04bG1WUkw3OEFaV1g0TkdsQm9IQ3QrcFNNClpQZGFUQVllVytYcUpOWURCMHBreWk3YXpaQ1ZEdDBuQjRTTk9pMm5UL1AxM2RrQUFHUW0wU2o4Q3JURUdCdTAKMWR4YXJ5NlBVSTUyNHBJNFpCNFMrV1pBNi9LSzJaQjRiaEVEazZacG9sNE5XSytaYjB2RHVMZVVJY2ZxK09tWgpBUGtWTWYyUEFaenBWelBTQ0xjSGt3SURBUUFCbzFZd1ZEQU9CZ05WSFE4QkFmOEVCQU1DQmFBd0V3WURWUjBsCkJBd3dDZ1lJS3dZQkJRVUhBd0l3REFZRFZSMFRBUUgvQkFJd0FEQWZCZ05WSFNNRUdEQVdnQlQ3N2F5azdIaGYKenhPREF2Q2dQRGtNbW5ybTF6QU5CZ2txaGtpRzl3MEJBUXNGQUFPQ0FnRUFicWZhcEJrZFIxa2htdVAzT0hBdgp5cjFVSHFLMGpRdUZyUFh0UlJ6STJRSmRuZlFjZUdCWHk0SGJkQndBRi9SdXNBVEh0Y3R5MHE3MTM5Y3E1SmhLCm5QVExPWCszQzl5OTN4c05vMkx0d0RjN1UrTkZMOFhaNG03dlNDR2FEWnJrTm5ZNzFnRTQyZEJ0RS85MWZMbHgKa1lzeFVoYS9DbEprc3kwa2dJc1kvWVJzblJLclhhZlkrWGlCajlhYlozSnRNZHBBMXlRbW82UlAzS2ZtSnUvTQoxTTlSRFdDRExCb21aNDNaR0RCN2ZaRm1TN1ZVa0w2Y2Q4QmlkQXp1RUgzUjFtalViOTh6UEFaYWE4Rit1RlBvCk5OdWVRU255UERaMGhBSmtvUm1penZnaVE5bE5TRnNIVmVkcGFDaEV0QkppQVZFYllvejc2YXlrY0t6S1U1OW0KMFdUUDBweE9kbDVWNm9ZUTQwcXJPci9pMDRLQWF3Vk43RmdQTGVPYURQaTMyNCtoUmJpVDJwczNKK2NUaEwxMgpVWUtwdGRST080ZmlsRnNkUmVpVXZ2VkVEb3lUc2JsR1ZCUE5sSUJBVkViWUI0dDhlRTduRjl6blF1M20rR0ZvCmh4WnZhdm1vRk1ycE5kZi9LajRGUXU1UU9vNVNVZDVyVWVqSHIrSlZKTjRkRFcvbVYwWEpHcVdrRitWZnhGWUQKMUpTLzhtNVEzYmQvK240bDdVUG9RZC9uQTBXb3V3TjJMNkRoTVQ2Mjl4OHlacnQwTW5rNExWbzhIQ1lRNkRzNwpPaGY0M3dPVklVYWpZTmlib2FqckNXU21IMDJxTkMvdnJqT01iVjBsb2pLKzJwTFZTRVFmbTlwSnI1RFJ6aFppCmQ1aHRmeVcrZ2hSNThxMHJoN3lUVktRPQotLS0tLUVORCBDRVJUSUZJQ0FURS0tLS0tCg==",
                "client_key": "LS0tLS1CRUdJTiBSU0EgUFJJVkFURSBLRVktLS0tLQpNSUlKSndJQkFBS0NBZ0VBMGZLMCtRZnlEZnhZQkEzOXQrRnQ4ZlVzd1lmVEdUd1hUcEV5dzgwVWFMRU5oZVpsCnNPaUVDazhWZWxIWG9KclNadlp6ZzUwU2Y4Sjd3cTU0bFltVmpxOHM4Sy9IN2FXVXNSOVdMVlhYVzNqZE8wYzEKMUt4bVJEYm1RNFN0VU53dDBmYkNyNFRZaDIybXNuK0hyTEI5MkZXVDMySzErVE5IeDIvNmVWZUhJaTI4OFNyUApJWTJiUUc0VFRQZW52VDcwclBlMUtXNUdTTzVnQk1LMjdOMW9wRVpwOExQRnZIS3ZaYTlRREdRamg1RTl2R0V3CjNTQ081bFpLbXJPb0hYS2FTTWM4VktETm43M3Z1TWI4K0hjejRZTXBXeUE5dzU4bzZaYWcwME9YbVhib2lJT0MKQTBWblFPNTY0Zk9SY0s1VHNlaFFML25ZQnF6SG80YmQ4WnF1bmd3Q3RXdTVqaVEwQmJmT2M1L1hpQjdMTDVhMwpWb1c4QkdZMWRIZXlUaHpMaUhaTERUMFVEUGpDUmZqdE9SSjgzYXg4WXRDTkNYYmVHMG85OXdReFpDR3hTTDhaCllKQVQrTndxaTBsNjI5V045WHN5SHNqMm10MDE5NlRVQkJDdWVScTZYS3czdWIwQ0NNWjZWVllYaDF5dmRNbHgKUk9rSnIyUk9Mc3dadkpabFVTKy9BR1ZsK0RScFFhQndyZnFVakdUM1drd0dIbHZsNmlUV0F3ZEtaTW91MnMyUQpsUTdkSndlRWpUb3RwMC96OWQzWkFBQmtKdEVvL0FxMHhCZ2J0TlhjV3E4dWoxQ09kdUtTT0dRZUV2bG1RT3Z5Cml0bVFlRzRSQTVPbWFhSmVEVml2bVc5THc3aTNsQ0hINnZqcG1RRDVGVEg5andHYzZWY3owZ2kzQjVNQ0F3RUEKQVFLQ0FnQWJmRzc4KzNGUksyeEtlNXB2N0c5OGNlQytKWTRaaTZoeGZNanNvWGkrakE5OUxFQzcvSFRzOUpXWApRZ2U4MndnWXVzTTh3OStjSWxZWmtzWHVyZWlLbVp5RWxqN1NlZzhSY1V6UytwNExON09mQXgrbEREMEhTVGkwCk5qYUtrNGpjS0RZc3pIT2NwMXBmbkJxakhTZ2NubmVSazFiSG5WTVVaVENobWpmeTNaSVM4TXZWVkxpeW9yYWMKS1FBbzRva2Q3QUFud0d3ck9Db1I5WHdGWHFkSWVuOThKODBIY3V4TG43d1hJelVUbG94Q2tXYllURjdwQVBzYgpiZEhncVJSUjJ1T25JTFpLNTQ3dTNmNVllU0t0cjRKR2o5NEdNbHdrMkxlTmNSZnoyNEZ0L2VtVGpBNk1qYXhBCjBLYUYzZ3pQQ2Q4VnFOd0RZN052VVVUVlVLN3pmV0txOWxEeStXZjZ4cndnbkZ0ZTRDNk1FZnhXcm1GVkxrME8KS2Y2cDBhSGlBdEx6ck53TEEzc1ZaejVHMzhEWDkzQkFRNzN2UEF6K0JOdXpvWnhMcEZsN2lDSkdLeUhIRnUrcAppU2JVbTVXRGF0MkUvUVM5WlBaTjVQZXFGREppMDdXcGFWVGk3bXU4cHRRWFdYbjU1WTdEM2k0T1k5UVNmM2tiCkVxek9TSXB1VDdJNnNISW0vVlB6QTVDRzFYWU5uQm1UNGhnY0lrUEVUUzNpWlhRa1FNS2JhK1BFc0FaVzcvN0EKU0wwQW04d3Fqa0h0V21DUXZQMERhdU1QKzcwS1FGRENBM3ZRRU05OVJMWmQyVG1OVldGeFNyVk9KRlJ0N2RTRwpTOEZDOEdpZDRNbUZMMzkxYVBWZU9VeE9iUmZiWVQyZ0RaaEo4SHZ2UVlzRklIRkxvUUtDQVFFQTVtTHF4ajZTCkR6UzhoK3loczN3REJpUjVEMzc2Q0kwNnJlV0V2aE5TMSsrRVVEK2paZ0VScjN3WVdkczRJNHpKUGErdHkwNVoKbkE3cDRGQmVnTnJyVUNlSU1BMmxGM1JNNzN2dmV4bkFWT2hIZ3Uwb08vcXovSHZxTURxSjNQeGJkbVhRQVU3eQpPcE5LaVJhSjN6cDlqUElDbmZnWUxQWkFxRjd2N3QyRHBVa0xIWXhOU09yVk4xT2gxMnMyb1MxaVZ5QzEwWk05CmR2Tk5PRWxDblFyZTNQU3VCVURWckJxRExLc1E3c2xwNkR5S3ZsTjJiQUlOL1VQNXNGTzJaTms1S1JJUHExL1oKUXREd3pxN3VmZlJlZnlnbUYxS2hpUWZyN0gwZ05kWWF5NlAyUXdXZGJKdmxubWRQOTNIWnVVdVg4UlBXeUpUZwpXOXlJYmtRTWRRT09UUUtDQVFFQTZVb1cvOVEzemdSTEEvNjR1ZjVWSWN4clV0Q0NYRDRUMkhna2dVT3Z0cHM0Cm8rMWgrQVc4NGJ6SWR2cXE4VlZMY1luREdvcmNibTlxS3ZzUlFOME84QzFDOVFpdUQvVXRaU1FJUk1MTTVtTWQKRWlQSjlWeUFUc1lrQ0ttOHJycWVXdXJHT1JwTTllR1ZPaVV4R2ZpKzRCSWoyWXN0M3pXOE5EK2NGTHhBNWQ3WQpGcmVVMWlrSzVWMnpJazZOOTBYazQwRjFkeHR6Sks2Z3R3UlpyVDdnSUZlSGFYUmV1SHNRQ0lKYWlORXA3WHRSCkNIa2pEUnIrREN5YkFGRTJ5cDhKaWRuYnFCZ2ZpY0ZtY2RNNFAzUGMyVWVTcHBrejI1MmJIbE9zNzR6TDNXeHkKT1YzbXZIM1ZmMUZkWXpCN0wrb2lOVGloQkJLbGpkTjdYR1diZHFDZFh3S0NBUUJMV3ZkbnVIZVZ1YTRnMTJsYwpoNmVGanRCNkhSSXpVZDVybXJMOGFOMmorNWZQbDhFZVVDTTB2dVpJSGNnUytLMnFHNWhBODNPajg4elRyZlg3Ck41L1lLOVlEd2JMS0pTUTFBTmluN3hoVnJWUVdvdk9TQ3NKc1J5dW1jcjg5Sk4zVnNCK0ZEZ2wwMTFCOTNuMWkKSW9PR1luSXdzVUZYRTRTNmpiTDA4a2RvL0tkQ0Z1NEFkNjhkMWFFT0VPZGhlTEs5eE5rem4zRnZRczF6SjZNKwpNcHdLc1kxcDhuYnhRQXEveFlSWVZsRHB3VU93VlNSYTE2RXp3ZFFkdElQb0lKVHR0aGFoKzB2WTZ2YVk0K2JtCkU5UUV5MkVLSitEbUxVMGhvUnUwQUQvcmM4bk15ajFmbE81YURYaStldUs0Rk4yeDRNZFQvRDRXVGQvaUVTZngKN2lQUkFvSUJBQmJhWHk1b2g1N3k1TFpiZVpVZXlSQXFpa2p1akJhbExpU0NnSEQ1UkhsSzgxMTduNkZBVHFSKwpiZFRaOFd6NndnMDVSWmVRQ3MvMnNodkx4SURxSnRCNFhwcktZdUxGVGRFZW1vREI1SGlkTlBmVjhhN0xoUFl5CmlzMGVjNUZhVHJEeFZzRzVSZGpBWkhIeHVzR2trRzQ2MkxBeTVpZDdpQmhHTXZBRkVRWnpzZzlucEhqbVJGNzcKc3RTbGhWcTN5aGhKRFV6QnI2SGtTWElrUnZTbHVDYnk3QnowZldMdEMwRUtJL3hMSVNSV2REVzBTQzY4ZWk2UApJQkFENUs0c3JpNkczUEcyaTBCZlpiMjR4MFhQLzg1NUtIQ1JpWGIyRlgvL0NtM2RDUXVEMkJ5dWlpL2swOGxKCkd6RGdTdkVDcXA4MEVQSHBNYmFYQlBxa0tYcVJlVmtDZ2dFQWZEekV2WC8xNmxBN1FjS0ppSS9vUDMvTTljZmsKRWlNenIzUkI5TXp3dVhaRFUxUVEwMm1KRm1oQXdTeDQ1N1BKMXIwLzZ6bXlCYWJSKzRyZks4aCtvL0lyM1VsZwpyWEdEazI4dzM5anB0T0ljWnhwK040V0V0QXZsWE5tS0ZWd0wxMjJqdG1iYXRVeW9zdEk3ZVdQcG5sZnRrTlBWCmlKVS9KVElLV0pnQ0FZRmJ5TXBtbms0eitnOHdJRGo3Y0hCN0FpT1ByNndJcVppbFhVZmxSanVGK0JTZHFhQjcKeDlKWnNDSVd3UDN5WkFIT3QvWmZCTGU1RWdyTW5JTWtZSXF2ZVJ5REpLcmZvWmhoZ0k2UDFQNFVOTHN0M2JONQpCdFZCTFl4SXpCV2IxVFlMWHVQb2FYU2l5RHBIaEpaZy9Qemdva2c1a3dpdldEY1RPT3BKZi9Id1l3PT0KLS0tLS1FTkQgUlNBIFBSSVZBVEUgS0VZLS0tLS0K",
                "cluster_ca_certificate": "LS0tLS1CRUdJTiBDRVJUSUZJQ0FURS0tLS0tCk1JSUU2RENDQXRDZ0F3SUJBZ0lRZHNTZUJpdGtZNllsVXppRnZ4SU5GVEFOQmdrcWhraUc5dzBCQVFzRkFEQU4KTVFzd0NRWURWUVFERXdKallUQWdGdzB5TlRFeU1EUXlNRE16TkRkYUdBOHlNRFUxTVRJd05ESXdORE0wTjFvdwpEVEVMTUFrR0ExVUVBeE1DWTJFd2dnSWlNQTBHQ1NxR1NJYjNEUUVCQVFVQUE0SUNEd0F3Z2dJS0FvSUNBUUNkCnRBbGNNaDg0dlN3QzBpM3dmQndjdDhjdWxINVFob2RkR1EvcWUycFA0dXJOclc1ajFrK1N4ZzVsS05jV2JOSzAKZnA5dkVTOFl0d2FkZ21ZU3FHcUtQcktyUVF4YTRwZG5IQzZwR3pJTTVlOTBycUVWV0pZTkVnWE9xYmdJakYwcwpqSG9qTFcwamNwUG5IVUdSaGhyZitJcGdJR2dkbWxVeEtBbGZpU25RMFkvbTRoN2F4NjFhMVordU81bE1YTk9pCmxLbmE5WWNiSkFvZVhXc2dXaW83V01wMHBCaEJUbkZuUURhZkNTV2lnRzJBbEFkR1FoZHArdDlqZm9HamYwaHgKUnRIc2hTdGVSZHpxZzJqdGVJU3lEbEZNSjZESmtPOUJoNEhBNjB6MHJZYWFCcGFkRHFsUUNJVzc3KzRSUENqZwptYjZkV1RuaHFrZndvMk8zQWxzUktxb0ZQdE8yUzRTaUpYdzh4WnhweVFNS2h4US9DRmlVWUlTbDA4azFFV0RvCmRIaVlnK0RES2UvUEs2RDJyRUZkSUprS2U5QTlQUUk2SWhUUFU4dFEzOUgzN3dmdStIMWNFODZGbjdlVWpLSDQKeVNkV1hxdW1Bd2xLa3JhL0dxdyswSE1CamcrakRQNnZhSXQ2V1dlanBKU0I3dENiVGtMeWo0NmxlRkhLaEJuWQowbHZENjQraUhNWTkybmVldXNvaG1uTk85elZha2dvV1dJd2RsMzZwYURLdzhuTlFMeXFUWjNwdVZocGk5VnMvCkhuNWJHS0hqZGRYL0FuRDBWdHBQYW1kMTAvSzc0N0Qwb0VqWnM4OTdrTmhFOWozcDlDc0hVR1E4S2dGZURPRTcKSnpLbVBOSFVtWDAyaGgvVGdjV05XTDI4ZWJweGZBMlRTakh2VnRhYkp3SURBUUFCbzBJd1FEQU9CZ05WSFE4QgpBZjhFQkFNQ0FxUXdEd1lEVlIwVEFRSC9CQVV3QXdFQi96QWRCZ05WSFE0RUZnUVUrKzJzcE94NFg4OFRnd0x3Cm9EdzVESnA2NXRjd0RRWUpLb1pJaHZjTkFRRUxCUUFEZ2dJQkFIbkdGSVdqUDF3cHVaZXBOU3RBOVF4cjFLYUsKeGtibys2dFNlQ09IS2pyNkI5dXMrSGtGRzlOSjJmVklVMkpYdmZQQ0xCck9qclkxNERyNVdhM2V5UDFxRWRoZwo1VGJrN0NiT1R0T1hZWVljNXRKVy9XT09YdVd0cEJMQy90VXRYRFNuckhaNzR2ZTBmaHZhTHRKbFhSS1FibVBTCnAvbjg1M0JSYllHY3N3b3pPNWN4RGRqSjlqaHBlNnpEbmo5QzRlUUxEQ09MWDNLRStjQ3dsREVwYUUwSkIzMTIKdnQ1MEt3RjRXalg0RXI4LzFrWjQvZ2tmczZOa1gzOENhWllYemZySTNhR0phajJ2Z0VtSXZMMmVhaE9DRkVLOApSNE5KWmVyRi9zWEd1T2NsTENGNWdmYWpzWnZPNmZrb1hwZS9DV2h0YU10Mk82Um5JT0w1RFBhLzhXNmFPSjZwCjc1MUV3VXlWSERnajN4SnJyaS9aYW1LZUVEdFN1K2J2YW9sQ2dpVzI2cVNjdmFIMmlVVXYvelJYeXk4N2k3OGYKcTlPM2NwdkVValUvN0tIVDUyNlZhNXJ0b2R4Y010dzZGdTVrMkpWbTJhUldta3BJZEpuS212TDBNNUJZeUpCSQprZ3Ruc1VyWWxSVEk3R0g2QlRvWS9QWnZwbURRNTBOVm81ODdnYm5Hcnc0REtCelE2bkNjYU1iSzJ5eHQ1eUVqCm1tbFBaNGtMalhJRVlEWTJoY214ODNCdU9BUGkvaWwxcmsxOHJuZnVtd3dXSlJlYUtWdzBVbmg0RXptYzRsTTAKRjRaR28wY2hCTFhESUJyWEpuZ3o0UGRNL0VjZE1nOWtnU1BQSnJpNHgwVERTcitGR0dnbFlLVG1xY0dKYjU2RQpVMDFpL3IxVXZmTUZQalhiCi0tLS0tRU5EIENFUlRJRklDQVRFLS0tLS0K",
                "host": "https://aks-default-production-rw9rm5vk.hcp.uksouth.azmk8s.io:443",
                "password": "nrd2609d2yii1ye683v1sh9ri2uehgmf4gxz25700wbdqp45j02pje5475b7wxewx2n3k85e3yuefk3eyp9852qom0fsippl0ovwbq1ejecp6uefa351il597dkrz18r",
                "username": "clusterUser_rg-default-production-uksouth_aks-default-production"
              }
            ],
            "kube_config_raw": "apiVersion: v1\nclusters:\n- cluster:\n    certificate-authority-data: LS0tLS1CRUdJTiBDRVJUSUZJQ0FURS0tLS0tCk1JSUU2RENDQXRDZ0F3SUJBZ0lRZHNTZUJpdGtZNllsVXppRnZ4SU5GVEFOQmdrcWhraUc5dzBCQVFzRkFEQU4KTVFzd0NRWURWUVFERXdKallUQWdGdzB5TlRFeU1EUXlNRE16TkRkYUdBOHlNRFUxTVRJd05ESXdORE0wTjFvdwpEVEVMTUFrR0ExVUVBeE1DWTJFd2dnSWlNQTBHQ1NxR1NJYjNEUUVCQVFVQUE0SUNEd0F3Z2dJS0FvSUNBUUNkCnRBbGNNaDg0dlN3QzBpM3dmQndjdDhjdWxINVFob2RkR1EvcWUycFA0dXJOclc1ajFrK1N4ZzVsS05jV2JOSzAKZnA5dkVTOFl0d2FkZ21ZU3FHcUtQcktyUVF4YTRwZG5IQzZwR3pJTTVlOTBycUVWV0pZTkVnWE9xYmdJakYwcwpqSG9qTFcwamNwUG5IVUdSaGhyZitJcGdJR2dkbWxVeEtBbGZpU25RMFkvbTRoN2F4NjFhMVordU81bE1YTk9pCmxLbmE5WWNiSkFvZVhXc2dXaW83V01wMHBCaEJUbkZuUURhZkNTV2lnRzJBbEFkR1FoZHArdDlqZm9HamYwaHgKUnRIc2hTdGVSZHpxZzJqdGVJU3lEbEZNSjZESmtPOUJoNEhBNjB6MHJZYWFCcGFkRHFsUUNJVzc3KzRSUENqZwptYjZkV1RuaHFrZndvMk8zQWxzUktxb0ZQdE8yUzRTaUpYdzh4WnhweVFNS2h4US9DRmlVWUlTbDA4azFFV0RvCmRIaVlnK0RES2UvUEs2RDJyRUZkSUprS2U5QTlQUUk2SWhUUFU4dFEzOUgzN3dmdStIMWNFODZGbjdlVWpLSDQKeVNkV1hxdW1Bd2xLa3JhL0dxdyswSE1CamcrakRQNnZhSXQ2V1dlanBKU0I3dENiVGtMeWo0NmxlRkhLaEJuWQowbHZENjQraUhNWTkybmVldXNvaG1uTk85elZha2dvV1dJd2RsMzZwYURLdzhuTlFMeXFUWjNwdVZocGk5VnMvCkhuNWJHS0hqZGRYL0FuRDBWdHBQYW1kMTAvSzc0N0Qwb0VqWnM4OTdrTmhFOWozcDlDc0hVR1E4S2dGZURPRTcKSnpLbVBOSFVtWDAyaGgvVGdjV05XTDI4ZWJweGZBMlRTakh2VnRhYkp3SURBUUFCbzBJd1FEQU9CZ05WSFE4QgpBZjhFQkFNQ0FxUXdEd1lEVlIwVEFRSC9CQVV3QXdFQi96QWRCZ05WSFE0RUZnUVUrKzJzcE94NFg4OFRnd0x3Cm9EdzVESnA2NXRjd0RRWUpLb1pJaHZjTkFRRUxCUUFEZ2dJQkFIbkdGSVdqUDF3cHVaZXBOU3RBOVF4cjFLYUsKeGtibys2dFNlQ09IS2pyNkI5dXMrSGtGRzlOSjJmVklVMkpYdmZQQ0xCck9qclkxNERyNVdhM2V5UDFxRWRoZwo1VGJrN0NiT1R0T1hZWVljNXRKVy9XT09YdVd0cEJMQy90VXRYRFNuckhaNzR2ZTBmaHZhTHRKbFhSS1FibVBTCnAvbjg1M0JSYllHY3N3b3pPNWN4RGRqSjlqaHBlNnpEbmo5QzRlUUxEQ09MWDNLRStjQ3dsREVwYUUwSkIzMTIKdnQ1MEt3RjRXalg0RXI4LzFrWjQvZ2tmczZOa1gzOENhWllYemZySTNhR0phajJ2Z0VtSXZMMmVhaE9DRkVLOApSNE5KWmVyRi9zWEd1T2NsTENGNWdmYWpzWnZPNmZrb1hwZS9DV2h0YU10Mk82Um5JT0w1RFBhLzhXNmFPSjZwCjc1MUV3VXlWSERnajN4SnJyaS9aYW1LZUVEdFN1K2J2YW9sQ2dpVzI2cVNjdmFIMmlVVXYvelJYeXk4N2k3OGYKcTlPM2NwdkVValUvN0tIVDUyNlZhNXJ0b2R4Y010dzZGdTVrMkpWbTJhUldta3BJZEpuS212TDBNNUJZeUpCSQprZ3Ruc1VyWWxSVEk3R0g2QlRvWS9QWnZwbURRNTBOVm81ODdnYm5Hcnc0REtCelE2bkNjYU1iSzJ5eHQ1eUVqCm1tbFBaNGtMalhJRVlEWTJoY214ODNCdU9BUGkvaWwxcmsxOHJuZnVtd3dXSlJlYUtWdzBVbmg0RXptYzRsTTAKRjRaR28wY2hCTFhESUJyWEpuZ3o0UGRNL0VjZE1nOWtnU1BQSnJpNHgwVERTcitGR0dnbFlLVG1xY0dKYjU2RQpVMDFpL3IxVXZmTUZQalhiCi0tLS0tRU5EIENFUlRJRklDQVRFLS0tLS0K\n    server: https://aks-default-production-rw9rm5vk.hcp.uksouth.azmk8s.io:443\n  name: aks-default-production\ncontexts:\n- context:\n    cluster: aks-default-production\n    user: clusterUser_rg-default-production-uksouth_aks-default-production\n  name: aks-default-production\ncurrent-context: aks-default-production\nkind: Config\npreferences: {}\nusers:\n- name: clusterUser_rg-default-production-uksouth_aks-default-production\n  user:\n    client-certificate-data: LS0tLS1CRUdJTiBDRVJUSUZJQ0FURS0tLS0tCk1JSUZIVENDQXdXZ0F3SUJBZ0lRYk1VT00yN2hwM3hkNU8rTzZSNUxVVEFOQmdrcWhraUc5dzBCQVFzRkFEQU4KTVFzd0NRWURWUVFERXdKallUQWVGdzB5TlRFeU1EUXlNRE16TkRkYUZ3MHlOekV5TURReU1EUXpORGRhTURBeApGekFWQmdOVkJBb1REbk41YzNSbGJUcHRZWE4wWlhKek1SVXdFd1lEVlFRREV3eHRZWE4wWlhKamJHbGxiblF3CmdnSWlNQTBHQ1NxR1NJYjNEUUVCQVFVQUE0SUNEd0F3Z2dJS0FvSUNBUURSOHJUNUIvSU4vRmdFRGYyMzRXM3gKOVN6Qmg5TVpQQmRPa1RMRHpSUm9zUTJGNW1XdzZJUUtUeFY2VWRlZ210Sm05bk9EblJKL3dudkNybmlWaVpXTwpyeXp3cjhmdHBaU3hIMVl0VmRkYmVOMDdSelhVckdaRU51WkRoSzFRM0MzUjlzS3ZoTmlIYmFheWY0ZXNzSDNZClZaUGZZclg1TTBmSGIvcDVWNGNpTGJ6eEtzOGhqWnRBYmhOTTk2ZTlQdlNzOTdVcGJrWkk3bUFFd3JiczNXaWsKUm1ud3M4VzhjcTlscjFBTVpDT0hrVDI4WVREZElJN21Wa3FhczZnZGNwcEl4enhVb00yZnZlKzR4dno0ZHpQaApneWxiSUQzRG55anBscURUUTVlWmR1aUlnNElEUldkQTducmg4NUZ3cmxPeDZGQXYrZGdHck1lamh0M3htcTZlCkRBSzFhN21PSkRRRnQ4NXpuOWVJSHNzdmxyZFdoYndFWmpWMGQ3Sk9ITXVJZGtzTlBSUU0rTUpGK08wNUVuemQKckh4aTBJMEpkdDRiU2ozM0JERmtJYkZJdnhsZ2tCUDQzQ3FMU1hyYjFZMzFleklleVBhYTNUWDNwTlFFRUs1NQpHcnBjckRlNXZRSUl4bnBWVmhlSFhLOTB5WEZFNlFtdlpFNHV6Qm04bG1WUkw3OEFaV1g0TkdsQm9IQ3QrcFNNClpQZGFUQVllVytYcUpOWURCMHBreWk3YXpaQ1ZEdDBuQjRTTk9pMm5UL1AxM2RrQUFHUW0wU2o4Q3JURUdCdTAKMWR4YXJ5NlBVSTUyNHBJNFpCNFMrV1pBNi9LSzJaQjRiaEVEazZacG9sNE5XSytaYjB2RHVMZVVJY2ZxK09tWgpBUGtWTWYyUEFaenBWelBTQ0xjSGt3SURBUUFCbzFZd1ZEQU9CZ05WSFE4QkFmOEVCQU1DQmFBd0V3WURWUjBsCkJBd3dDZ1lJS3dZQkJRVUhBd0l3REFZRFZSMFRBUUgvQkFJd0FEQWZCZ05WSFNNRUdEQVdnQlQ3N2F5azdIaGYKenhPREF2Q2dQRGtNbW5ybTF6QU5CZ2txaGtpRzl3MEJBUXNGQUFPQ0FnRUFicWZhcEJrZFIxa2htdVAzT0hBdgp5cjFVSHFLMGpRdUZyUFh0UlJ6STJRSmRuZlFjZUdCWHk0SGJkQndBRi9SdXNBVEh0Y3R5MHE3MTM5Y3E1SmhLCm5QVExPWCszQzl5OTN4c05vMkx0d0RjN1UrTkZMOFhaNG03dlNDR2FEWnJrTm5ZNzFnRTQyZEJ0RS85MWZMbHgKa1lzeFVoYS9DbEprc3kwa2dJc1kvWVJzblJLclhhZlkrWGlCajlhYlozSnRNZHBBMXlRbW82UlAzS2ZtSnUvTQoxTTlSRFdDRExCb21aNDNaR0RCN2ZaRm1TN1ZVa0w2Y2Q4QmlkQXp1RUgzUjFtalViOTh6UEFaYWE4Rit1RlBvCk5OdWVRU255UERaMGhBSmtvUm1penZnaVE5bE5TRnNIVmVkcGFDaEV0QkppQVZFYllvejc2YXlrY0t6S1U1OW0KMFdUUDBweE9kbDVWNm9ZUTQwcXJPci9pMDRLQWF3Vk43RmdQTGVPYURQaTMyNCtoUmJpVDJwczNKK2NUaEwxMgpVWUtwdGRST080ZmlsRnNkUmVpVXZ2VkVEb3lUc2JsR1ZCUE5sSUJBVkViWUI0dDhlRTduRjl6blF1M20rR0ZvCmh4WnZhdm1vRk1ycE5kZi9LajRGUXU1UU9vNVNVZDVyVWVqSHIrSlZKTjRkRFcvbVYwWEpHcVdrRitWZnhGWUQKMUpTLzhtNVEzYmQvK240bDdVUG9RZC9uQTBXb3V3TjJMNkRoTVQ2Mjl4OHlacnQwTW5rNExWbzhIQ1lRNkRzNwpPaGY0M3dPVklVYWpZTmlib2FqckNXU21IMDJxTkMvdnJqT01iVjBsb2pLKzJwTFZTRVFmbTlwSnI1RFJ6aFppCmQ1aHRmeVcrZ2hSNThxMHJoN3lUVktRPQotLS0tLUVORCBDRVJUSUZJQ0FURS0tLS0tCg==\n    client-key-data: LS0tLS1CRUdJTiBSU0EgUFJJVkFURSBLRVktLS0tLQpNSUlKSndJQkFBS0NBZ0VBMGZLMCtRZnlEZnhZQkEzOXQrRnQ4ZlVzd1lmVEdUd1hUcEV5dzgwVWFMRU5oZVpsCnNPaUVDazhWZWxIWG9KclNadlp6ZzUwU2Y4Sjd3cTU0bFltVmpxOHM4Sy9IN2FXVXNSOVdMVlhYVzNqZE8wYzEKMUt4bVJEYm1RNFN0VU53dDBmYkNyNFRZaDIybXNuK0hyTEI5MkZXVDMySzErVE5IeDIvNmVWZUhJaTI4OFNyUApJWTJiUUc0VFRQZW52VDcwclBlMUtXNUdTTzVnQk1LMjdOMW9wRVpwOExQRnZIS3ZaYTlRREdRamg1RTl2R0V3CjNTQ081bFpLbXJPb0hYS2FTTWM4VktETm43M3Z1TWI4K0hjejRZTXBXeUE5dzU4bzZaYWcwME9YbVhib2lJT0MKQTBWblFPNTY0Zk9SY0s1VHNlaFFML25ZQnF6SG80YmQ4WnF1bmd3Q3RXdTVqaVEwQmJmT2M1L1hpQjdMTDVhMwpWb1c4QkdZMWRIZXlUaHpMaUhaTERUMFVEUGpDUmZqdE9SSjgzYXg4WXRDTkNYYmVHMG85OXdReFpDR3hTTDhaCllKQVQrTndxaTBsNjI5V045WHN5SHNqMm10MDE5NlRVQkJDdWVScTZYS3czdWIwQ0NNWjZWVllYaDF5dmRNbHgKUk9rSnIyUk9Mc3dadkpabFVTKy9BR1ZsK0RScFFhQndyZnFVakdUM1drd0dIbHZsNmlUV0F3ZEtaTW91MnMyUQpsUTdkSndlRWpUb3RwMC96OWQzWkFBQmtKdEVvL0FxMHhCZ2J0TlhjV3E4dWoxQ09kdUtTT0dRZUV2bG1RT3Z5Cml0bVFlRzRSQTVPbWFhSmVEVml2bVc5THc3aTNsQ0hINnZqcG1RRDVGVEg5andHYzZWY3owZ2kzQjVNQ0F3RUEKQVFLQ0FnQWJmRzc4KzNGUksyeEtlNXB2N0c5OGNlQytKWTRaaTZoeGZNanNvWGkrakE5OUxFQzcvSFRzOUpXWApRZ2U4MndnWXVzTTh3OStjSWxZWmtzWHVyZWlLbVp5RWxqN1NlZzhSY1V6UytwNExON09mQXgrbEREMEhTVGkwCk5qYUtrNGpjS0RZc3pIT2NwMXBmbkJxakhTZ2NubmVSazFiSG5WTVVaVENobWpmeTNaSVM4TXZWVkxpeW9yYWMKS1FBbzRva2Q3QUFud0d3ck9Db1I5WHdGWHFkSWVuOThKODBIY3V4TG43d1hJelVUbG94Q2tXYllURjdwQVBzYgpiZEhncVJSUjJ1T25JTFpLNTQ3dTNmNVllU0t0cjRKR2o5NEdNbHdrMkxlTmNSZnoyNEZ0L2VtVGpBNk1qYXhBCjBLYUYzZ3pQQ2Q4VnFOd0RZN052VVVUVlVLN3pmV0txOWxEeStXZjZ4cndnbkZ0ZTRDNk1FZnhXcm1GVkxrME8KS2Y2cDBhSGlBdEx6ck53TEEzc1ZaejVHMzhEWDkzQkFRNzN2UEF6K0JOdXpvWnhMcEZsN2lDSkdLeUhIRnUrcAppU2JVbTVXRGF0MkUvUVM5WlBaTjVQZXFGREppMDdXcGFWVGk3bXU4cHRRWFdYbjU1WTdEM2k0T1k5UVNmM2tiCkVxek9TSXB1VDdJNnNISW0vVlB6QTVDRzFYWU5uQm1UNGhnY0lrUEVUUzNpWlhRa1FNS2JhK1BFc0FaVzcvN0EKU0wwQW04d3Fqa0h0V21DUXZQMERhdU1QKzcwS1FGRENBM3ZRRU05OVJMWmQyVG1OVldGeFNyVk9KRlJ0N2RTRwpTOEZDOEdpZDRNbUZMMzkxYVBWZU9VeE9iUmZiWVQyZ0RaaEo4SHZ2UVlzRklIRkxvUUtDQVFFQTVtTHF4ajZTCkR6UzhoK3loczN3REJpUjVEMzc2Q0kwNnJlV0V2aE5TMSsrRVVEK2paZ0VScjN3WVdkczRJNHpKUGErdHkwNVoKbkE3cDRGQmVnTnJyVUNlSU1BMmxGM1JNNzN2dmV4bkFWT2hIZ3Uwb08vcXovSHZxTURxSjNQeGJkbVhRQVU3eQpPcE5LaVJhSjN6cDlqUElDbmZnWUxQWkFxRjd2N3QyRHBVa0xIWXhOU09yVk4xT2gxMnMyb1MxaVZ5QzEwWk05CmR2Tk5PRWxDblFyZTNQU3VCVURWckJxRExLc1E3c2xwNkR5S3ZsTjJiQUlOL1VQNXNGTzJaTms1S1JJUHExL1oKUXREd3pxN3VmZlJlZnlnbUYxS2hpUWZyN0gwZ05kWWF5NlAyUXdXZGJKdmxubWRQOTNIWnVVdVg4UlBXeUpUZwpXOXlJYmtRTWRRT09UUUtDQVFFQTZVb1cvOVEzemdSTEEvNjR1ZjVWSWN4clV0Q0NYRDRUMkhna2dVT3Z0cHM0Cm8rMWgrQVc4NGJ6SWR2cXE4VlZMY1luREdvcmNibTlxS3ZzUlFOME84QzFDOVFpdUQvVXRaU1FJUk1MTTVtTWQKRWlQSjlWeUFUc1lrQ0ttOHJycWVXdXJHT1JwTTllR1ZPaVV4R2ZpKzRCSWoyWXN0M3pXOE5EK2NGTHhBNWQ3WQpGcmVVMWlrSzVWMnpJazZOOTBYazQwRjFkeHR6Sks2Z3R3UlpyVDdnSUZlSGFYUmV1SHNRQ0lKYWlORXA3WHRSCkNIa2pEUnIrREN5YkFGRTJ5cDhKaWRuYnFCZ2ZpY0ZtY2RNNFAzUGMyVWVTcHBrejI1MmJIbE9zNzR6TDNXeHkKT1YzbXZIM1ZmMUZkWXpCN0wrb2lOVGloQkJLbGpkTjdYR1diZHFDZFh3S0NBUUJMV3ZkbnVIZVZ1YTRnMTJsYwpoNmVGanRCNkhSSXpVZDVybXJMOGFOMmorNWZQbDhFZVVDTTB2dVpJSGNnUytLMnFHNWhBODNPajg4elRyZlg3Ck41L1lLOVlEd2JMS0pTUTFBTmluN3hoVnJWUVdvdk9TQ3NKc1J5dW1jcjg5Sk4zVnNCK0ZEZ2wwMTFCOTNuMWkKSW9PR1luSXdzVUZYRTRTNmpiTDA4a2RvL0tkQ0Z1NEFkNjhkMWFFT0VPZGhlTEs5eE5rem4zRnZRczF6SjZNKwpNcHdLc1kxcDhuYnhRQXEveFlSWVZsRHB3VU93VlNSYTE2RXp3ZFFkdElQb0lKVHR0aGFoKzB2WTZ2YVk0K2JtCkU5UUV5MkVLSitEbUxVMGhvUnUwQUQvcmM4bk15ajFmbE81YURYaStldUs0Rk4yeDRNZFQvRDRXVGQvaUVTZngKN2lQUkFvSUJBQmJhWHk1b2g1N3k1TFpiZVpVZXlSQXFpa2p1akJhbExpU0NnSEQ1UkhsSzgxMTduNkZBVHFSKwpiZFRaOFd6NndnMDVSWmVRQ3MvMnNodkx4SURxSnRCNFhwcktZdUxGVGRFZW1vREI1SGlkTlBmVjhhN0xoUFl5CmlzMGVjNUZhVHJEeFZzRzVSZGpBWkhIeHVzR2trRzQ2MkxBeTVpZDdpQmhHTXZBRkVRWnpzZzlucEhqbVJGNzcKc3RTbGhWcTN5aGhKRFV6QnI2SGtTWElrUnZTbHVDYnk3QnowZldMdEMwRUtJL3hMSVNSV2REVzBTQzY4ZWk2UApJQkFENUs0c3JpNkczUEcyaTBCZlpiMjR4MFhQLzg1NUtIQ1JpWGIyRlgvL0NtM2RDUXVEMkJ5dWlpL2swOGxKCkd6RGdTdkVDcXA4MEVQSHBNYmFYQlBxa0tYcVJlVmtDZ2dFQWZEekV2WC8xNmxBN1FjS0ppSS9vUDMvTTljZmsKRWlNenIzUkI5TXp3dVhaRFUxUVEwMm1KRm1oQXdTeDQ1N1BKMXIwLzZ6bXlCYWJSKzRyZks4aCtvL0lyM1VsZwpyWEdEazI4dzM5anB0T0ljWnhwK040V0V0QXZsWE5tS0ZWd0wxMjJqdG1iYXRVeW9zdEk3ZVdQcG5sZnRrTlBWCmlKVS9KVElLV0pnQ0FZRmJ5TXBtbms0eitnOHdJRGo3Y0hCN0FpT1ByNndJcVppbFhVZmxSanVGK0JTZHFhQjcKeDlKWnNDSVd3UDN5WkFIT3QvWmZCTGU1RWdyTW5JTWtZSXF2ZVJ5REpLcmZvWmhoZ0k2UDFQNFVOTHN0M2JONQpCdFZCTFl4SXpCV2IxVFlMWHVQb2FYU2l5RHBIaEpaZy9Qemdva2c1a3dpdldEY1RPT3BKZi9Id1l3PT0KLS0tLS1FTkQgUlNBIFBSSVZBVEUgS0VZLS0tLS0K\n    token: nrd2609d2yii1ye683v1sh9ri2uehgmf4gxz25700wbdqp45j02pje5475b7wxewx2n3k85e3yuefk3eyp9852qom0fsippl0ovwbq1ejecp6uefa351il597dkrz18r\n",
            "kubelet_identity": [
              {
                "client_id": "35b2645a-b00d-46bf-8591-4fa91a4b316f",
                "object_id": "fcff98d5-4695-4332-aa33-4b3d19fe6851",
                "user_assigned_identity_id": "/subscriptions/0304e419-2637-46a2-a622-30008a136248/resourceGroups/MC_rg-default-production-uksouth_aks-default-production_uksouth/providers/Microsoft.ManagedIdentity/userAssignedIdentities/aks-default-production-agentpool"
              }
            ],
            "kubernetes_version": "1.32",
            "linux_profile": [],
            "local_account_disabled": false,
            "location": "uksouth",
            "maintenance_window": [],
            "maintenance_window_auto_upgrade": [],
            "maintenance_window_node_os": [],
            "microsoft_defender": [],
            "monitor_metrics": [],
            "name": "aks-default-production",
            "network_profile": [
              {
                "dns_service_ip": "10.0.0.10",
                "docker_bridge_cidr": "",
                "ebpf_data_plane": "",
                "ip_versions": [
                  "IPv4"
                ],
                "load_balancer_profile": [
                  {
                    "effective_outbound_ips": [
                      "/subscriptions/0304e419-2637-46a2-a622-30008a136248/resourceGroups/MC_rg-default-production-uksouth_aks-default-production_uksouth/providers/Microsoft.Network/publicIPAddresses/66292cac-eeae-4c31-8ed3-2cf90075b9a6"
                    ],
                    "idle_timeout_in_minutes": 0,
                    "managed_outbound_ip_count": 1,
                    "managed_outbound_ipv6_count": 0,
                    "outbound_ip_address_ids": [],
                    "outbound_ip_prefix_ids": [],
                    "outbound_ports_allocated": 0
                  }
                ],
                "load_balancer_sku": "standard",
                "nat_gateway_profile": [],
                "network_data_plane": "azure",
                "network_mode": "",
                "network_plugin": "azure",
                "network_plugin_mode": "",
                "network_policy": "",
                "outbound_ip_address_ids": [],
                "outbound_ip_prefix_ids": [],
                "outbound_type": "loadBalancer",
                "pod_cidr": "",
                "pod_cidrs": [],
                "service_cidr": "10.0.0.0/16",
                "service_cidrs": [
                  "10.0.0.0/16"
                ]
              }
            ],
            "node_os_channel_upgrade": null,
            "node_resource_group": "MC_rg-default-production-uksouth_aks-default-production_uksouth",
            "node_resource_group_id": "/subscriptions/0304e419-2637-46a2-a622-30008a136248/resourceGroups/MC_rg-default-production-uksouth_aks-default-production_uksouth",
            "oidc_issuer_enabled": false,
            "oidc_issuer_url": "",
            "oms_agent": [],
            "open_service_mesh_enabled": null,
            "portal_fqdn": "aks-default-production-rw9rm5vk.portal.hcp.uksouth.azmk8s.io",
            "private_cluster_enabled": false,
            "private_cluster_public_fqdn_enabled": false,
            "private_dns_zone_id": "",
            "private_fqdn": "",
            "public_network_access_enabled": true,
            "resource_group_name": "rg-default-production-uksouth",
            "role_based_access_control_enabled": true,
            "run_command_enabled": true,
            "service_mesh_profile": [],
            "service_principal": [],
            "sku_tier": "Free",
            "storage_profile": [],
            "support_plan": "KubernetesOfficial",
            "tags": {
              "Environment": "production",
              "ManagedBy": "Terraform",
              "Project": "default"
            },
            "timeouts": null,
            "web_app_routing": [],
            "windows_profile": [
              {
                "admin_password": "",
                "admin_username": "azureuser",
                "gmsa": [],
                "license": ""
              }
            ],
            "workload_autoscaler_profile": [],
            "workload_identity_enabled": false
          },
          "sensitive_attributes": [
            [
              {
                "type": "get_attr",
                "value": "kube_admin_config"
              }
            ],
            [
              {
                "type": "get_attr",
                "value": "kube_admin_config_raw"
              }
            ],
            [
              {
                "type": "get_attr",
                "value": "kube_config"
              }
            ],
            [
              {
                "type": "get_attr",
                "value": "kube_config_raw"
              }
            ],
            [
              {
                "type": "get_attr",
                "value": "windows_profile"
              },
              {
                "type": "index",
                "value": {
                  "value": 0,
                  "type": "number"
                }
              },
              {
                "type": "get_attr",
                "value": "admin_password"
              }
            ]
          ],
          "identity_schema_version": 0,
          "private": "eyJlMmJmYjczMC1lY2FhLTExZTYtOGY4OC0zNDM2M2JjN2M0YzAiOnsiY3JlYXRlIjo1NDAwMDAwMDAwMDAwLCJkZWxldGUiOjU0MDAwMDAwMDAwMDAsInJlYWQiOjMwMDAwMDAwMDAwMCwidXBkYXRlIjo1NDAwMDAwMDAwMDAwfSwic2NoZW1hX3ZlcnNpb24iOiIyIn0=",
          "dependencies": [
            "azurerm_resource_group.main",
            "azurerm_subnet.app_subnet",
            "azurerm_virtual_network.vnet"
          ]
        }
      ]
    },
    {
      "mode": "managed",
      "type": "azurerm_mssql_database",
      "name": "payment_db",
      "provider": "provider[\"registry.terraform.io/hashicorp/azurerm\"]",
      "instances": [
        {
          "schema_version": 1,
          "attributes": {
            "auto_pause_delay_in_minutes": 0,
            "collation": "SQL_Latin1_General_CP1_CI_AS",
            "create_mode": "Default",
            "creation_source_database_id": null,
            "elastic_pool_id": "",
            "enclave_type": "",
            "geo_backup_enabled": true,
            "id": "/subscriptions/0304e419-2637-46a2-a622-30008a136248/resourceGroups/rg-default-production-uksouth/providers/Microsoft.Sql/servers/sql-default-production-5jvh1o/databases/paymentDB",
            "identity": [],
            "import": [],
            "ledger_enabled": false,
            "license_type": "",
            "long_term_retention_policy": [
              {
                "immutable_backups_enabled": false,
                "monthly_retention": "PT0S",
                "week_of_year": 1,
                "weekly_retention": "PT0S",
                "yearly_retention": "PT0S"
              }
            ],
            "maintenance_configuration_name": "SQL_Default",
            "max_size_gb": 250,
            "min_capacity": 0,
            "name": "paymentDB",
            "read_replica_count": 0,
            "read_scale": false,
            "recover_database_id": null,
            "recovery_point_id": null,
            "restore_dropped_database_id": null,
            "restore_long_term_retention_backup_id": null,
            "restore_point_in_time": null,
            "sample_name": null,
            "secondary_type": "",
            "server_id": "/subscriptions/0304e419-2637-46a2-a622-30008a136248/resourceGroups/rg-default-production-uksouth/providers/Microsoft.Sql/servers/sql-default-production-5jvh1o",
            "short_term_retention_policy": [
              {
                "backup_interval_in_hours": 24,
                "retention_days": 7
              }
            ],
            "sku_name": "S1",
            "storage_account_type": "Geo",
            "tags": {
              "Environment": "production",
              "ManagedBy": "Terraform",
              "Project": "default"
            },
            "threat_detection_policy": [
              {
                "disabled_alerts": [],
                "email_account_admins": "Disabled",
                "email_addresses": [],
                "retention_days": 0,
                "state": "Disabled",
                "storage_account_access_key": "",
                "storage_endpoint": ""
              }
            ],
            "timeouts": null,
            "transparent_data_encryption_enabled": true,
            "transparent_data_encryption_key_automatic_rotation_enabled": false,
            "transparent_data_encryption_key_vault_key_id": "",
            "zone_redundant": false
          },
          "sensitive_attributes": [
            [
              {
                "type": "get_attr",
                "value": "threat_detection_policy"
              },
              {
                "type": "index",
                "value": {
                  "value": 0,
                  "type": "number"
                }
              },
              {
                "type": "get_attr",
                "value": "storage_account_access_key"
              }
            ]
          ],
          "identity_schema_version": 0,
          "private": "eyJlMmJmYjczMC1lY2FhLTExZTYtOGY4OC0zNDM2M2JjN2M0YzAiOnsiY3JlYXRlIjozNjAwMDAwMDAwMDAwLCJkZWxldGUiOjM2MDAwMDAwMDAwMDAsInJlYWQiOjMwMDAwMDAwMDAwMCwidXBkYXRlIjozNjAwMDAwMDAwMDAwfSwic2NoZW1hX3ZlcnNpb24iOiIxIn0=",
          "dependencies": [
            "azurerm_mssql_server.sql_server",
            "azurerm_resource_group.main",
            "random_password.sql_admin",
            "random_string.suffix"
          ]
        }
      ]
    },
    {
      "mode": "managed",
      "type": "azurerm_mssql_server",
      "name": "main",
      "provider": "provider[\"registry.terraform.io/hashicorp/azurerm\"]",
      "instances": []
    },
    {
      "mode": "managed",
      "type": "azurerm_mssql_server",
      "name": "sql_server",
      "provider": "provider[\"registry.terraform.io/hashicorp/azurerm\"]",
      "instances": [
        {
          "schema_version": 0,
          "attributes": {
            "administrator_login": "sqladmin",
            "administrator_login_password": "!{P\u0026Jhn7+_K]\u003c=$8",
            "azuread_administrator": [],
            "connection_policy": "Default",
            "fully_qualified_domain_name": "sql-default-production-5jvh1o.database.windows.net",
            "id": "/subscriptions/0304e419-2637-46a2-a622-30008a136248/resourceGroups/rg-default-production-uksouth/providers/Microsoft.Sql/servers/sql-default-production-5jvh1o",
            "identity": [],
            "location": "uksouth",
            "minimum_tls_version": "1.2",
            "name": "sql-default-production-5jvh1o",
            "outbound_network_restriction_enabled": false,
            "primary_user_assigned_identity_id": "",
            "public_network_access_enabled": true,
            "resource_group_name": "rg-default-production-uksouth",
            "restorable_dropped_database_ids": [],
            "tags": {
              "Environment": "production",
              "ManagedBy": "Terraform",
              "Project": "default"
            },
            "timeouts": null,
            "transparent_data_encryption_key_vault_key_id": "",
            "version": "12.0"
          },
          "sensitive_attributes": [
            [
              {
                "type": "get_attr",
                "value": "administrator_login_password"
              }
            ]
          ],
          "identity_schema_version": 0,
          "private": "eyJlMmJmYjczMC1lY2FhLTExZTYtOGY4OC0zNDM2M2JjN2M0YzAiOnsiY3JlYXRlIjozNjAwMDAwMDAwMDAwLCJkZWxldGUiOjM2MDAwMDAwMDAwMDAsInJlYWQiOjMwMDAwMDAwMDAwMCwidXBkYXRlIjozNjAwMDAwMDAwMDAwfX0=",
          "dependencies": [
            "azurerm_resource_group.main",
            "random_password.sql_admin",
            "random_string.suffix"
          ]
        }
      ]
    },
    {
      "mode": "managed",
      "type": "azurerm_mssql_virtual_network_rule",
      "name": "sql_vnet_rule",
      "provider": "provider[\"registry.terraform.io/hashicorp/azurerm\"]",
      "instances": [
        {
          "schema_version": 0,
          "attributes": {
            "id": "/subscriptions/0304e419-2637-46a2-a622-30008a136248/resourceGroups/rg-default-production-uksouth/providers/Microsoft.Sql/servers/sql-default-production-5jvh1o/virtualNetworkRules/allow-app-subnet",
            "ignore_missing_vnet_service_endpoint": true,
            "name": "allow-app-subnet",
            "server_id": "/subscriptions/0304e419-2637-46a2-a622-30008a136248/resourceGroups/rg-default-production-uksouth/providers/Microsoft.Sql/servers/sql-default-production-5jvh1o",
            "subnet_id": "/subscriptions/0304e419-2637-46a2-a622-30008a136248/resourceGroups/rg-default-production-uksouth/providers/Microsoft.Network/virtualNetworks/vnet-default-production/subnets/snet-app",
            "timeouts": null
          },
          "sensitive_attributes": [],
          "identity_schema_version": 0,
          "private": "eyJlMmJmYjczMC1lY2FhLTExZTYtOGY4OC0zNDM2M2JjN2M0YzAiOnsiY3JlYXRlIjoxODAwMDAwMDAwMDAwLCJkZWxldGUiOjE4MDAwMDAwMDAwMDAsInJlYWQiOjMwMDAwMDAwMDAwMCwidXBkYXRlIjoxODAwMDAwMDAwMDAwfX0=",
          "dependencies": [
            "azurerm_mssql_server.sql_server",
            "azurerm_resource_group.main",
            "azurerm_subnet.app_subnet",
            "azurerm_virtual_network.vnet",
            "random_password.sql_admin",
            "random_string.suffix"
          ]
        }
      ]
    },
    {
      "mode": "managed",
      "type": "azurerm_resource_group",
      "name": "main",
      "provider": "provider[\"registry.terraform.io/hashicorp/azurerm\"]",
      "instances": [
        {
          "schema_version": 0,
          "attributes": {
            "id": "/subscriptions/0304e419-2637-46a2-a622-30008a136248/resourceGroups/rg-default-production-uksouth",
            "location": "uksouth",
            "managed_by": "",
            "name": "rg-default-production-uksouth",
            "tags": {
              "Environment": "production",
              "ManagedBy": "Terraform",
              "Project": "default"
            },
            "timeouts": null
          },
          "sensitive_attributes": [],
          "identity_schema_version": 0,
          "private": "eyJlMmJmYjczMC1lY2FhLTExZTYtOGY4OC0zNDM2M2JjN2M0YzAiOnsiY3JlYXRlIjo1NDAwMDAwMDAwMDAwLCJkZWxldGUiOjU0MDAwMDAwMDAwMDAsInJlYWQiOjMwMDAwMDAwMDAwMCwidXBkYXRlIjo1NDAwMDAwMDAwMDAwfX0="
        }
      ]
    },
    {
      "mode": "managed",
      "type": "azurerm_servicebus_namespace",
      "name": "sb_namespace",
      "provider": "provider[\"registry.terraform.io/hashicorp/azurerm\"]",
      "instances": [
        {
          "schema_version": 1,
          "attributes": {
            "capacity": 0,
            "customer_managed_key": [],
            "default_primary_connection_string": "Endpoint=sb://sb-default-production-5jvh1o.servicebus.windows.net/;SharedAccessKeyName=RootManageSharedAccessKey;SharedAccessKey=m6ozqLGr8n9ZXX55dTYLL5hLolXvU6iKq+ASbGZ0M9M=",
            "default_primary_key": "m6ozqLGr8n9ZXX55dTYLL5hLolXvU6iKq+ASbGZ0M9M=",
            "default_secondary_connection_string": "Endpoint=sb://sb-default-production-5jvh1o.servicebus.windows.net/;SharedAccessKeyName=RootManageSharedAccessKey;SharedAccessKey=Ez3MQtC1pevb8pNWuEztlK1yLE92hjquW+ASbEB1Mwc=",
            "default_secondary_key": "Ez3MQtC1pevb8pNWuEztlK1yLE92hjquW+ASbEB1Mwc=",
            "endpoint": "https://sb-default-production-5jvh1o.servicebus.windows.net:443/",
            "id": "/subscriptions/0304e419-2637-46a2-a622-30008a136248/resourceGroups/rg-default-production-uksouth/providers/Microsoft.ServiceBus/namespaces/sb-default-production-5jvh1o",
            "identity": [],
            "local_auth_enabled": true,
            "location": "uksouth",
            "minimum_tls_version": "1.2",
            "name": "sb-default-production-5jvh1o",
            "network_rule_set": [
              {
                "default_action": "Allow",
                "ip_rules": [],
                "network_rules": [],
                "public_network_access_enabled": true,
                "trusted_services_allowed": false
              }
            ],
            "premium_messaging_partitions": 0,
            "public_network_access_enabled": true,
            "resource_group_name": "rg-default-production-uksouth",
            "sku": "Standard",
            "tags": {
              "Environment": "production",
              "ManagedBy": "Terraform",
              "Project": "default"
            },
            "timeouts": null,
            "zone_redundant": false
          },
          "sensitive_attributes": [
            [
              {
                "type": "get_attr",
                "value": "default_primary_connection_string"
              }
            ],
            [
              {
                "type": "get_attr",
                "value": "default_primary_key"
              }
            ],
            [
              {
                "type": "get_attr",
                "value": "default_secondary_connection_string"
              }
            ],
            [
              {
                "type": "get_attr",
                "value": "default_secondary_key"
              }
            ]
          ],
          "identity_schema_version": 0,
          "private": "eyJlMmJmYjczMC1lY2FhLTExZTYtOGY4OC0zNDM2M2JjN2M0YzAiOnsiY3JlYXRlIjoxODAwMDAwMDAwMDAwLCJkZWxldGUiOjE4MDAwMDAwMDAwMDAsInJlYWQiOjMwMDAwMDAwMDAwMCwidXBkYXRlIjoxODAwMDAwMDAwMDAwfSwic2NoZW1hX3ZlcnNpb24iOiIxIn0=",
          "dependencies": [
            "azurerm_resource_group.main",
            "random_string.suffix"
          ]
        }
      ]
    },
    {
      "mode": "managed",
      "type": "azurerm_servicebus_queue",
      "name": "notification_queue",
      "provider": "provider[\"registry.terraform.io/hashicorp/azurerm\"]",
      "instances": [
        {
          "schema_version": 0,
          "attributes": {
            "auto_delete_on_idle": "P10675199DT2H48M5.4775807S",
            "batched_operations_enabled": true,
            "dead_lettering_on_message_expiration": false,
            "default_message_ttl": "P10675199DT2H48M5.4775807S",
            "duplicate_detection_history_time_window": "PT10M",
            "enable_batched_operations": true,
            "enable_express": false,
            "enable_partitioning": true,
            "express_enabled": false,
            "forward_dead_lettered_messages_to": "",
            "forward_to": "",
            "id": "/subscriptions/0304e419-2637-46a2-a622-30008a136248/resourceGroups/rg-default-production-uksouth/providers/Microsoft.ServiceBus/namespaces/sb-default-production-5jvh1o/queues/notificationQueue",
            "lock_duration": "PT1M",
            "max_delivery_count": 10,
            "max_message_size_in_kilobytes": 256,
            "max_size_in_megabytes": 5120,
            "name": "notificationQueue",
            "namespace_id": "/subscriptions/0304e419-2637-46a2-a622-30008a136248/resourceGroups/rg-default-production-uksouth/providers/Microsoft.ServiceBus/namespaces/sb-default-production-5jvh1o",
            "partitioning_enabled": true,
            "requires_duplicate_detection": false,
            "requires_session": false,
            "status": "Active",
            "timeouts": null
          },
          "sensitive_attributes": [],
          "identity_schema_version": 0,
          "private": "eyJlMmJmYjczMC1lY2FhLTExZTYtOGY4OC0zNDM2M2JjN2M0YzAiOnsiY3JlYXRlIjoxODAwMDAwMDAwMDAwLCJkZWxldGUiOjE4MDAwMDAwMDAwMDAsInJlYWQiOjMwMDAwMDAwMDAwMCwidXBkYXRlIjoxODAwMDAwMDAwMDAwfX0=",
          "dependencies": [
            "azurerm_resource_group.main",
            "azurerm_servicebus_namespace.sb_namespace",
            "random_string.suffix"
          ]
        }
      ]
    },
    {
      "mode": "managed",
      "type": "azurerm_subnet",
      "name": "app_subnet",
      "provider": "provider[\"registry.terraform.io/hashicorp/azurerm\"]",
      "instances": [
        {
          "schema_version": 0,
          "attributes": {
            "address_prefixes": [
              "11.1.1.0/24"
            ],
            "default_outbound_access_enabled": true,
            "delegation": [],
            "enforce_private_link_endpoint_network_policies": false,
            "enforce_private_link_service_network_policies": false,
            "id": "/subscriptions/0304e419-2637-46a2-a622-30008a136248/resourceGroups/rg-default-production-uksouth/providers/Microsoft.Network/virtualNetworks/vnet-default-production/subnets/snet-app",
            "name": "snet-app",
            "private_endpoint_network_policies": "Enabled",
            "private_endpoint_network_policies_enabled": true,
            "private_link_service_network_policies_enabled": true,
            "resource_group_name": "rg-default-production-uksouth",
            "service_endpoint_policy_ids": null,
            "service_endpoints": [
              "Microsoft.ServiceBus",
              "Microsoft.Sql"
            ],
            "timeouts": null,
            "virtual_network_name": "vnet-default-production"
          },
          "sensitive_attributes": [],
          "identity_schema_version": 0,
          "private": "eyJlMmJmYjczMC1lY2FhLTExZTYtOGY4OC0zNDM2M2JjN2M0YzAiOnsiY3JlYXRlIjoxODAwMDAwMDAwMDAwLCJkZWxldGUiOjE4MDAwMDAwMDAwMDAsInJlYWQiOjMwMDAwMDAwMDAwMCwidXBkYXRlIjoxODAwMDAwMDAwMDAwfX0=",
          "dependencies": [
            "azurerm_resource_group.main",
            "azurerm_virtual_network.vnet"
          ]
        }
      ]
    },
    {
      "mode": "managed",
      "type": "azurerm_subnet",
      "name": "resource_subnet",
      "provider": "provider[\"registry.terraform.io/hashicorp/azurerm\"]",
      "instances": [
        {
          "schema_version": 0,
          "attributes": {
            "address_prefixes": [
              "11.1.2.0/24"
            ],
            "default_outbound_access_enabled": true,
            "delegation": [],
            "enforce_private_link_endpoint_network_policies": false,
            "enforce_private_link_service_network_policies": false,
            "id": "/subscriptions/0304e419-2637-46a2-a622-30008a136248/resourceGroups/rg-default-production-uksouth/providers/Microsoft.Network/virtualNetworks/vnet-default-production/subnets/snet-resources",
            "name": "snet-resources",
            "private_endpoint_network_policies": "Enabled",
            "private_endpoint_network_policies_enabled": true,
            "private_link_service_network_policies_enabled": true,
            "resource_group_name": "rg-default-production-uksouth",
            "service_endpoint_policy_ids": null,
            "service_endpoints": null,
            "timeouts": null,
            "virtual_network_name": "vnet-default-production"
          },
          "sensitive_attributes": [],
          "identity_schema_version": 0,
          "private": "eyJlMmJmYjczMC1lY2FhLTExZTYtOGY4OC0zNDM2M2JjN2M0YzAiOnsiY3JlYXRlIjoxODAwMDAwMDAwMDAwLCJkZWxldGUiOjE4MDAwMDAwMDAwMDAsInJlYWQiOjMwMDAwMDAwMDAwMCwidXBkYXRlIjoxODAwMDAwMDAwMDAwfX0=",
          "dependencies": [
            "azurerm_resource_group.main",
            "azurerm_virtual_network.vnet"
          ]
        }
      ]
    },
    {
      "mode": "managed",
      "type": "azurerm_virtual_network",
      "name": "vnet",
      "provider": "provider[\"registry.terraform.io/hashicorp/azurerm\"]",
      "instances": [
        {
          "schema_version": 0,
          "attributes": {
            "address_space": [
              "11.1.0.0/16"
            ],
            "bgp_community": "",
            "ddos_protection_plan": [],
            "dns_servers": [],
            "edge_zone": "",
            "encryption": [],
            "flow_timeout_in_minutes": 0,
            "guid": "18a4942e-9d0b-4c75-b97c-5c9a6b2e6fce",
            "id": "/subscriptions/0304e419-2637-46a2-a622-30008a136248/resourceGroups/rg-default-production-uksouth/providers/Microsoft.Network/virtualNetworks/vnet-default-production",
            "location": "uksouth",
            "name": "vnet-default-production",
            "resource_group_name": "rg-default-production-uksouth",
            "subnet": [],
            "tags": {
              "Environment": "production",
              "ManagedBy": "Terraform",
              "Project": "default"
            },
            "timeouts": null
          },
          "sensitive_attributes": [],
          "identity_schema_version": 0,
          "private": "eyJlMmJmYjczMC1lY2FhLTExZTYtOGY4OC0zNDM2M2JjN2M0YzAiOnsiY3JlYXRlIjoxODAwMDAwMDAwMDAwLCJkZWxldGUiOjE4MDAwMDAwMDAwMDAsInJlYWQiOjMwMDAwMDAwMDAwMCwidXBkYXRlIjoxODAwMDAwMDAwMDAwfX0=",
          "dependencies": [
            "azurerm_resource_group.main"
          ]
        }
      ]
    },
    {
      "mode": "managed",
      "type": "random_password",
      "name": "sql_admin",
      "provider": "provider[\"registry.terraform.io/hashicorp/random\"]",
      "instances": [
        {
          "schema_version": 3,
          "attributes": {
            "bcrypt_hash": "$2a$10$N5pNASph5oKlUOnklkG4D.HgKKjECOWvMWDhDf525Jyux1SuS8DZi",
            "id": "none",
            "keepers": null,
            "length": 16,
            "lower": true,
            "min_lower": 0,
            "min_numeric": 0,
            "min_special": 0,
            "min_upper": 0,
            "number": true,
            "numeric": true,
            "override_special": "!#$%\u0026*()-_=+[]{}\u003c\u003e:?",
            "result": "!{P\u0026Jhn7+_K]\u003c=$8",
            "special": true,
            "upper": true
          },
          "sensitive_attributes": [
            [
              {
                "type": "get_attr",
                "value": "bcrypt_hash"
              }
            ],
            [
              {
                "type": "get_attr",
                "value": "result"
              }
            ]
          ],
          "identity_schema_version": 0
        }
      ]
    },
    {
      "mode": "managed",
      "type": "random_string",
      "name": "suffix",
      "provider": "provider[\"registry.terraform.io/hashicorp/random\"]",
      "instances": [
        {
          "schema_version": 2,
          "attributes": {
            "id": "5jvh1o",
            "keepers": null,
            "length": 6,
            "lower": true,
            "min_lower": 0,
            "min_numeric": 0,
            "min_special": 0,
            "min_upper": 0,
            "number": true,
            "numeric": true,
            "override_special": null,
            "result": "5jvh1o",
            "special": false,
            "upper": false
          },
          "sensitive_attributes": [],
          "identity_schema_version": 0
        }
      ]
    }
  ],
  "check_results": null
}
